
Microsoft Visual Studio Solution File, Format Version 12.00
# Visual Studio Version 16
VisualStudioVersion = 25.0.1705.6
MinimumVisualStudioVersion = 10.0.40219.1
Project("{FAE04EC0-301F-11D3-BF4B-00C04F79EFBC}") = "Quickbyte", "Quickbyte.csproj", "{77A5905B-B10C-479D-8EB3-333D67C1FB06}"
EndProject
Global
	GlobalSection(SolutionConfigurationPlatforms) = preSolution
		Debug|Any CPU = Debug|Any CPU
		Release|Any CPU = Release|Any CPU
	EndGlobalSection
	GlobalSection(ProjectConfigurationPlatforms) = postSolution
		{77A5905B-B10C-479D-8EB3-333D67C1FB06}.Debug|Any CPU.ActiveCfg = Debug|Any CPU
		{77A5905B-B10C-479D-8EB3-333D67C1FB06}.Debug|Any CPU.Build.0 = Debug|Any CPU
		{77A5905B-B10C-479D-8EB3-333D67C1FB06}.Release|Any CPU.ActiveCfg = Release|Any CPU
		{77A5905B-B10C-479D-8EB3-333D67C1FB06}.Release|Any CPU.Build.0 = Release|Any CPU
	EndGlobalSection
	GlobalSection(SolutionProperties) = preSolution
		HideSolutionNode = FALSE
	EndGlobalSection
	GlobalSection(ExtensibilityGlobals) = postSolution
		SolutionGuid = {0F55CAE4-2EC7-4B92-9B00-F13047F9EC84}
	EndGlobalSection
EndGlobal
